
Microsoft Visual Studio Solution File, Format Version 11.00
# Visual C# Express 2010
Project("{FAE04EC0-301F-11D3-BF4B-00C04F79EFBC}") = "Sandbox_form", "Sandbox_form\Sandbox_form.csproj", "{F51A6D4D-9FDD-4F33-9620-A28244F03AFC}"
EndProject
Global
	GlobalSection(SolutionConfigurationPlatforms) = preSolution
		Debug|x86 = Debug|x86
		Release|x86 = Release|x86
	EndGlobalSection
	GlobalSection(ProjectConfigurationPlatforms) = postSolution
		{F51A6D4D-9FDD-4F33-9620-A28244F03AFC}.Debug|x86.ActiveCfg = Debug|x86
		{F51A6D4D-9FDD-4F33-9620-A28244F03AFC}.Debug|x86.Build.0 = Debug|x86
		{F51A6D4D-9FDD-4F33-9620-A28244F03AFC}.Release|x86.ActiveCfg = Release|x86
		{F51A6D4D-9FDD-4F33-9620-A28244F03AFC}.Release|x86.Build.0 = Release|x86
	EndGlobalSection
	GlobalSection(SolutionProperties) = preSolution
		HideSolutionNode = FALSE
	EndGlobalSection
EndGlobal
